// !$*UTF8*$!
{
	archiveVersion = 1;
	classes = {
	};
	objectVersion = 45;
	objects = {

/* Begin PBXBuildFile section */
		1D3623260D0F684500981E51 /* AppleCoder_OpenGLES_00AppDelegate.m in Sources */ = {isa = PBXBuildFile; fileRef = 1D3623250D0F684500981E51 /* AppleCoder_OpenGLES_00AppDelegate.m */; };
		1D60589B0D05DD56006BFB54 /* main.m in Sources */ = {isa = PBXBuildFile; fileRef = 29B97316FDCFA39411CA2CEA /* main.m */; };
		1D60589F0D05DD5A006BFB54 /* Foundation.framework in Frameworks */ = {isa = PBXBuildFile; fileRef = 1D30AB110D05D00D00671497 /* Foundation.framework */; };
		1DF5F4E00D08C38300B7A737 /* UIKit.framework in Frameworks */ = {isa = PBXBuildFile; fileRef = 1DF5F4DF0D08C38300B7A737 /* UIKit.framework */; };
		28FD14FE0DC6FC130079059D /* EAGLView.m in Sources */ = {isa = PBXBuildFile; fileRef = 28FD14FD0DC6FC130079059D /* EAGLView.m */; };
		28FD15000DC6FC520079059D /* OpenGLES.framework in Frameworks */ = {isa = PBXBuildFile; fileRef = 28FD14FF0DC6FC520079059D /* OpenGLES.framework */; };
		28FD15080DC6FC5B0079059D /* QuartzCore.framework in Frameworks */ = {isa = PBXBuildFile; fileRef = 28FD15070DC6FC5B0079059D /* QuartzCore.framework */; };
		8635D5C11EB990CB0045ACAE /* CoreGraphics.framework in Frameworks */ = {isa = PBXBuildFile; fileRef = 8635D5C01EB990CB0045ACAE /* CoreGraphics.framework */; };
		8635D5C71EB9A9840045ACAE /* checkerplate.jpg in Resources */ = {isa = PBXBuildFile; fileRef = 8635D5C21EB9A9840045ACAE /* checkerplate.jpg */; };
		8635D5C81EB9A9840045ACAE /* checkerplate.png in Resources */ = {isa = PBXBuildFile; fileRef = 8635D5C31EB9A9840045ACAE /* checkerplate.png */; };
		8635D5C91EB9A9840045ACAE /* checkerplate2k.jp2 in Resources */ = {isa = PBXBuildFile; fileRef = 8635D5C41EB9A9840045ACAE /* checkerplate2k.jp2 */; };
		8635D5CA1EB9A9840045ACAE /* H05.png in Resources */ = {isa = PBXBuildFile; fileRef = 8635D5C51EB9A9840045ACAE /* H05.png */; };
		8635D5CB1EB9A9840045ACAE /* tech_texture-200026-XL.jpg in Resources */ = {isa = PBXBuildFile; fileRef = 8635D5C61EB9A9840045ACAE /* tech_texture-200026-XL.jpg */; };
		86DA4B441EB876A8008B148A /* ViewController.m in Sources */ = {isa = PBXBuildFile; fileRef = 86DA4B421EB876A8008B148A /* ViewController.m */; };
		86DA4B451EB876A8008B148A /* ViewController.xib in Resources */ = {isa = PBXBuildFile; fileRef = 86DA4B431EB876A8008B148A /* ViewController.xib */; };
		86F1F0141EC17BF3006E3EE2 /* bamboo.png in Resources */ = {isa = PBXBuildFile; fileRef = 86F1F00E1EC17BF3006E3EE2 /* bamboo.png */; };
		86F1F0151EC17BF3006E3EE2 /* flowers.png in Resources */ = {isa = PBXBuildFile; fileRef = 86F1F00F1EC17BF3006E3EE2 /* flowers.png */; };
		86F1F0161EC17BF3006E3EE2 /* grass.png in Resources */ = {isa = PBXBuildFile; fileRef = 86F1F0101EC17BF3006E3EE2 /* grass.png */; };
		86F1F0171EC17BF3006E3EE2 /* lino.png in Resources */ = {isa = PBXBuildFile; fileRef = 86F1F0111EC17BF3006E3EE2 /* lino.png */; };
		86F1F0181EC17BF3006E3EE2 /* metal.png in Resources */ = {isa = PBXBuildFile; fileRef = 86F1F0121EC17BF3006E3EE2 /* metal.png */; };
		86F1F0191EC17BF3006E3EE2 /* schematic.png in Resources */ = {isa = PBXBuildFile; fileRef = 86F1F0131EC17BF3006E3EE2 /* schematic.png */; };
		86F1F0221EC1AED9006E3EE2 /* bluetex.png in Resources */ = {isa = PBXBuildFile; fileRef = 86F1F01F1EC1AED9006E3EE2 /* bluetex.png */; };
		86F1F0231EC1AED9006E3EE2 /* combinedtextures.png in Resources */ = {isa = PBXBuildFile; fileRef = 86F1F0201EC1AED9006E3EE2 /* combinedtextures.png */; };
		86F1F0241EC1AED9006E3EE2 /* romo.png in Resources */ = {isa = PBXBuildFile; fileRef = 86F1F0211EC1AED9006E3EE2 /* romo.png */; };
/* End PBXBuildFile section */

/* Begin PBXFileReference section */
		1D30AB110D05D00D00671497 /* Foundation.framework */ = {isa = PBXFileReference; lastKnownFileType = wrapper.framework; name = Foundation.framework; path = System/Library/Frameworks/Foundation.framework; sourceTree = SDKROOT; };
		1D3623240D0F684500981E51 /* AppleCoder_OpenGLES_00AppDelegate.h */ = {isa = PBXFileReference; fileEncoding = 4; lastKnownFileType = sourcecode.c.h; path = AppleCoder_OpenGLES_00AppDelegate.h; sourceTree = "<group>"; };
		1D3623250D0F684500981E51 /* AppleCoder_OpenGLES_00AppDelegate.m */ = {isa = PBXFileReference; fileEncoding = 4; lastKnownFileType = sourcecode.c.objc; path = AppleCoder_OpenGLES_00AppDelegate.m; sourceTree = "<group>"; };
		1D6058910D05DD3D006BFB54 /* AppleCoder-OpenGLES-00.app */ = {isa = PBXFileReference; explicitFileType = wrapper.application; includeInIndex = 0; path = "AppleCoder-OpenGLES-00.app"; sourceTree = BUILT_PRODUCTS_DIR; };
		1DF5F4DF0D08C38300B7A737 /* UIKit.framework */ = {isa = PBXFileReference; lastKnownFileType = wrapper.framework; name = UIKit.framework; path = System/Library/Frameworks/UIKit.framework; sourceTree = SDKROOT; };
		28FD14FC0DC6FC130079059D /* EAGLView.h */ = {isa = PBXFileReference; fileEncoding = 4; lastKnownFileType = sourcecode.c.h; path = EAGLView.h; sourceTree = "<group>"; };
		28FD14FD0DC6FC130079059D /* EAGLView.m */ = {isa = PBXFileReference; fileEncoding = 4; lastKnownFileType = sourcecode.c.objc; path = EAGLView.m; sourceTree = "<group>"; };
		28FD14FF0DC6FC520079059D /* OpenGLES.framework */ = {isa = PBXFileReference; lastKnownFileType = wrapper.framework; name = OpenGLES.framework; path = System/Library/Frameworks/OpenGLES.framework; sourceTree = SDKROOT; };
		28FD15070DC6FC5B0079059D /* QuartzCore.framework */ = {isa = PBXFileReference; lastKnownFileType = wrapper.framework; name = QuartzCore.framework; path = System/Library/Frameworks/QuartzCore.framework; sourceTree = SDKROOT; };
		29B97316FDCFA39411CA2CEA /* main.m */ = {isa = PBXFileReference; fileEncoding = 4; lastKnownFileType = sourcecode.c.objc; path = main.m; sourceTree = "<group>"; };
		32CA4F630368D1EE00C91783 /* AppleCoder_OpenGLES_00_Prefix.pch */ = {isa = PBXFileReference; fileEncoding = 4; lastKnownFileType = sourcecode.c.h; path = AppleCoder_OpenGLES_00_Prefix.pch; sourceTree = "<group>"; };
		8635D5C01EB990CB0045ACAE /* CoreGraphics.framework */ = {isa = PBXFileReference; lastKnownFileType = wrapper.framework; name = CoreGraphics.framework; path = System/Library/Frameworks/CoreGraphics.framework; sourceTree = SDKROOT; };
		8635D5C21EB9A9840045ACAE /* checkerplate.jpg */ = {isa = PBXFileReference; lastKnownFileType = image.jpeg; path = checkerplate.jpg; sourceTree = "<group>"; };
		8635D5C31EB9A9840045ACAE /* checkerplate.png */ = {isa = PBXFileReference; lastKnownFileType = image.png; path = checkerplate.png; sourceTree = "<group>"; };
		8635D5C41EB9A9840045ACAE /* checkerplate2k.jp2 */ = {isa = PBXFileReference; lastKnownFileType = file; path = checkerplate2k.jp2; sourceTree = "<group>"; };
		8635D5C51EB9A9840045ACAE /* H05.png */ = {isa = PBXFileReference; lastKnownFileType = image.png; path = H05.png; sourceTree = "<group>"; };
		8635D5C61EB9A9840045ACAE /* tech_texture-200026-XL.jpg */ = {isa = PBXFileReference; lastKnownFileType = image.jpeg; path = "tech_texture-200026-XL.jpg"; sourceTree = "<group>"; };
		86DA4B411EB876A8008B148A /* ViewController.h */ = {isa = PBXFileReference; fileEncoding = 4; lastKnownFileType = sourcecode.c.h; path = ViewController.h; sourceTree = "<group>"; };
		86DA4B421EB876A8008B148A /* ViewController.m */ = {isa = PBXFileReference; fileEncoding = 4; lastKnownFileType = sourcecode.c.objc; path = ViewController.m; sourceTree = "<group>"; };
		86DA4B431EB876A8008B148A /* ViewController.xib */ = {isa = PBXFileReference; fileEncoding = 4; lastKnownFileType = file.xib; path = ViewController.xib; sourceTree = "<group>"; };
		86F1F00E1EC17BF3006E3EE2 /* bamboo.png */ = {isa = PBXFileReference; lastKnownFileType = image.png; path = bamboo.png; sourceTree = "<group>"; };
		86F1F00F1EC17BF3006E3EE2 /* flowers.png */ = {isa = PBXFileReference; lastKnownFileType = image.png; path = flowers.png; sourceTree = "<group>"; };
		86F1F0101EC17BF3006E3EE2 /* grass.png */ = {isa = PBXFileReference; lastKnownFileType = image.png; path = grass.png; sourceTree = "<group>"; };
		86F1F0111EC17BF3006E3EE2 /* lino.png */ = {isa = PBXFileReference; lastKnownFileType = image.png; path = lino.png; sourceTree = "<group>"; };
		86F1F0121EC17BF3006E3EE2 /* metal.png */ = {isa = PBXFileReference; lastKnownFileType = image.png; path = metal.png; sourceTree = "<group>"; };
		86F1F0131EC17BF3006E3EE2 /* schematic.png */ = {isa = PBXFileReference; lastKnownFileType = image.png; path = schematic.png; sourceTree = "<group>"; };
		86F1F01F1EC1AED9006E3EE2 /* bluetex.png */ = {isa = PBXFileReference; lastKnownFileType = image.png; path = bluetex.png; sourceTree = "<group>"; };
		86F1F0201EC1AED9006E3EE2 /* combinedtextures.png */ = {isa = PBXFileReference; lastKnownFileType = image.png; path = combinedtextures.png; sourceTree = "<group>"; };
		86F1F0211EC1AED9006E3EE2 /* romo.png */ = {isa = PBXFileReference; lastKnownFileType = image.png; path = romo.png; sourceTree = "<group>"; };
		8D1107310486CEB800E47090 /* Info.plist */ = {isa = PBXFileReference; fileEncoding = 4; lastKnownFileType = text.plist.xml; path = Info.plist; sourceTree = "<group>"; };
/* End PBXFileReference section */

/* Begin PBXFrameworksBuildPhase section */
		1D60588F0D05DD3D006BFB54 /* Frameworks */ = {
			isa = PBXFrameworksBuildPhase;
			buildActionMask = 2147483647;
			files = (
				8635D5C11EB990CB0045ACAE /* CoreGraphics.framework in Frameworks */,
				1D60589F0D05DD5A006BFB54 /* Foundation.framework in Frameworks */,
				1DF5F4E00D08C38300B7A737 /* UIKit.framework in Frameworks */,
				28FD15000DC6FC520079059D /* OpenGLES.framework in Frameworks */,
				28FD15080DC6FC5B0079059D /* QuartzCore.framework in Frameworks */,
			);
			runOnlyForDeploymentPostprocessing = 0;
		};
/* End PBXFrameworksBuildPhase section */

/* Begin PBXGroup section */
		080E96DDFE201D6D7F000001 /* Classes */ = {
			isa = PBXGroup;
			children = (
				28FD14FC0DC6FC130079059D /* EAGLView.h */,
				28FD14FD0DC6FC130079059D /* EAGLView.m */,
				1D3623240D0F684500981E51 /* AppleCoder_OpenGLES_00AppDelegate.h */,
				1D3623250D0F684500981E51 /* AppleCoder_OpenGLES_00AppDelegate.m */,
				86DA4B411EB876A8008B148A /* ViewController.h */,
				86DA4B421EB876A8008B148A /* ViewController.m */,
				86DA4B431EB876A8008B148A /* ViewController.xib */,
			);
			path = Classes;
			sourceTree = "<group>";
		};
		19C28FACFE9D520D11CA2CBB /* Products */ = {
			isa = PBXGroup;
			children = (
				1D6058910D05DD3D006BFB54 /* AppleCoder-OpenGLES-00.app */,
			);
			name = Products;
			sourceTree = "<group>";
		};
		29B97314FDCFA39411CA2CEA /* CustomTemplate */ = {
			isa = PBXGroup;
			children = (
				080E96DDFE201D6D7F000001 /* Classes */,
				29B97315FDCFA39411CA2CEA /* Other Sources */,
				29B97317FDCFA39411CA2CEA /* Resources */,
				29B97323FDCFA39411CA2CEA /* Frameworks */,
				19C28FACFE9D520D11CA2CBB /* Products */,
			);
			name = CustomTemplate;
			sourceTree = "<group>";
		};
		29B97315FDCFA39411CA2CEA /* Other Sources */ = {
			isa = PBXGroup;
			children = (
				32CA4F630368D1EE00C91783 /* AppleCoder_OpenGLES_00_Prefix.pch */,
				29B97316FDCFA39411CA2CEA /* main.m */,
			);
			name = "Other Sources";
			sourceTree = "<group>";
		};
		29B97317FDCFA39411CA2CEA /* Resources */ = {
			isa = PBXGroup;
			children = (
				86F1F01F1EC1AED9006E3EE2 /* bluetex.png */,
				86F1F0201EC1AED9006E3EE2 /* combinedtextures.png */,
				86F1F0211EC1AED9006E3EE2 /* romo.png */,
				86F1F00E1EC17BF3006E3EE2 /* bamboo.png */,
				86F1F00F1EC17BF3006E3EE2 /* flowers.png */,
				86F1F0101EC17BF3006E3EE2 /* grass.png */,
				86F1F0111EC17BF3006E3EE2 /* lino.png */,
				86F1F0121EC17BF3006E3EE2 /* metal.png */,
				86F1F0131EC17BF3006E3EE2 /* schematic.png */,
				8635D5C21EB9A9840045ACAE /* checkerplate.jpg */,
				8635D5C31EB9A9840045ACAE /* checkerplate.png */,
				8635D5C41EB9A9840045ACAE /* checkerplate2k.jp2 */,
				8635D5C51EB9A9840045ACAE /* H05.png */,
				8635D5C61EB9A9840045ACAE /* tech_texture-200026-XL.jpg */,
				8D1107310486CEB800E47090 /* Info.plist */,
			);
			name = Resources;
			sourceTree = "<group>";
		};
		29B97323FDCFA39411CA2CEA /* Frameworks */ = {
			isa = PBXGroup;
			children = (
				8635D5C01EB990CB0045ACAE /* CoreGraphics.framework */,
				28FD15070DC6FC5B0079059D /* QuartzCore.framework */,
				28FD14FF0DC6FC520079059D /* OpenGLES.framework */,
				1DF5F4DF0D08C38300B7A737 /* UIKit.framework */,
				1D30AB110D05D00D00671497 /* Foundation.framework */,
			);
			name = Frameworks;
			sourceTree = "<group>";
		};
/* End PBXGroup section */

/* Begin PBXNativeTarget section */
		1D6058900D05DD3D006BFB54 /* AppleCoder-OpenGLES-00 */ = {
			isa = PBXNativeTarget;
			buildConfigurationList = 1D6058960D05DD3E006BFB54 /* Build configuration list for PBXNativeTarget "AppleCoder-OpenGLES-00" */;
			buildPhases = (
				1D60588D0D05DD3D006BFB54 /* Resources */,
				1D60588E0D05DD3D006BFB54 /* Sources */,
				1D60588F0D05DD3D006BFB54 /* Frameworks */,
			);
			buildRules = (
			);
			dependencies = (
			);
			name = "AppleCoder-OpenGLES-00";
			productName = "AppleCoder-OpenGLES-00";
			productReference = 1D6058910D05DD3D006BFB54 /* AppleCoder-OpenGLES-00.app */;
			productType = "com.apple.product-type.application";
		};
/* End PBXNativeTarget section */

/* Begin PBXProject section */
		29B97313FDCFA39411CA2CEA /* Project object */ = {
			isa = PBXProject;
			attributes = {
			};
			buildConfigurationList = C01FCF4E08A954540054247B /* Build configuration list for PBXProject "AppleCoder-OpenGLES-00" */;
			compatibilityVersion = "Xcode 3.1";
			developmentRegion = English;
			hasScannedForEncodings = 1;
			knownRegions = (
				en,
			);
			mainGroup = 29B97314FDCFA39411CA2CEA /* CustomTemplate */;
			projectDirPath = "";
			projectRoot = "";
			targets = (
				1D6058900D05DD3D006BFB54 /* AppleCoder-OpenGLES-00 */,
			);
		};
/* End PBXProject section */

/* Begin PBXResourcesBuildPhase section */
		1D60588D0D05DD3D006BFB54 /* Resources */ = {
			isa = PBXResourcesBuildPhase;
			buildActionMask = 2147483647;
			files = (
				86F1F0151EC17BF3006E3EE2 /* flowers.png in Resources */,
				86F1F0171EC17BF3006E3EE2 /* lino.png in Resources */,
				8635D5C71EB9A9840045ACAE /* checkerplate.jpg in Resources */,
				86DA4B451EB876A8008B148A /* ViewController.xib in Resources */,
				86F1F0161EC17BF3006E3EE2 /* grass.png in Resources */,
				86F1F0191EC17BF3006E3EE2 /* schematic.png in Resources */,
				8635D5CB1EB9A9840045ACAE /* tech_texture-200026-XL.jpg in Resources */,
				86F1F0221EC1AED9006E3EE2 /* bluetex.png in Resources */,
				86F1F0231EC1AED9006E3EE2 /* combinedtextures.png in Resources */,
				8635D5C91EB9A9840045ACAE /* checkerplate2k.jp2 in Resources */,
				86F1F0141EC17BF3006E3EE2 /* bamboo.png in Resources */,
				86F1F0241EC1AED9006E3EE2 /* romo.png in Resources */,
				8635D5CA1EB9A9840045ACAE /* H05.png in Resources */,
				8635D5C81EB9A9840045ACAE /* checkerplate.png in Resources */,
				86F1F0181EC17BF3006E3EE2 /* metal.png in Resources */,
			);
			runOnlyForDeploymentPostprocessing = 0;
		};
/* End PBXResourcesBuildPhase section */

/* Begin PBXSourcesBuildPhase section */
		1D60588E0D05DD3D006BFB54 /* Sources */ = {
			isa = PBXSourcesBuildPhase;
			buildActionMask = 2147483647;
			files = (
				1D60589B0D05DD56006BFB54 /* main.m in Sources */,
				1D3623260D0F684500981E51 /* AppleCoder_OpenGLES_00AppDelegate.m in Sources */,
				86DA4B441EB876A8008B148A /* ViewController.m in Sources */,
				28FD14FE0DC6FC130079059D /* EAGLView.m in Sources */,
			);
			runOnlyForDeploymentPostprocessing = 0;
		};
/* End PBXSourcesBuildPhase section */

/* Begin XCBuildConfiguration section */
		1D6058940D05DD3E006BFB54 /* Debug */ = {
			isa = XCBuildConfiguration;
			buildSettings = {
				ALWAYS_SEARCH_USER_PATHS = NO;
				COPY_PHASE_STRIP = NO;
				GCC_DYNAMIC_NO_PIC = NO;
				GCC_OPTIMIZATION_LEVEL = 0;
				GCC_PRECOMPILE_PREFIX_HEADER = YES;
				GCC_PREFIX_HEADER = AppleCoder_OpenGLES_00_Prefix.pch;
				INFOPLIST_FILE = Info.plist;
				PRODUCT_NAME = "AppleCoder-OpenGLES-00";
			};
			name = Debug;
		};
		1D6058950D05DD3E006BFB54 /* Release */ = {
			isa = XCBuildConfiguration;
			buildSettings = {
				ALWAYS_SEARCH_USER_PATHS = NO;
				COPY_PHASE_STRIP = YES;
				GCC_PRECOMPILE_PREFIX_HEADER = YES;
				GCC_PREFIX_HEADER = AppleCoder_OpenGLES_00_Prefix.pch;
				INFOPLIST_FILE = Info.plist;
				PRODUCT_NAME = "AppleCoder-OpenGLES-00";
			};
			name = Release;
		};
		C01FCF4F08A954540054247B /* Debug */ = {
			isa = XCBuildConfiguration;
			buildSettings = {
				ARCHS = "$(ARCHS_STANDARD_32_BIT)";
				"CODE_SIGN_IDENTITY[sdk=iphoneos*]" = "iPhone Developer";
				GCC_C_LANGUAGE_STANDARD = c99;
				GCC_WARN_ABOUT_RETURN_TYPE = YES;
				GCC_WARN_UNUSED_VARIABLE = YES;
				ONLY_ACTIVE_ARCH = YES;
				PREBINDING = NO;
				SDKROOT = iphoneos2.2.1;
			};
			name = Debug;
		};
		C01FCF5008A954540054247B /* Release */ = {
			isa = XCBuildConfiguration;
			buildSettings = {
				ARCHS = "$(ARCHS_STANDARD_32_BIT)";
				"CODE_SIGN_IDENTITY[sdk=iphoneos*]" = "iPhone Developer";
				GCC_C_LANGUAGE_STANDARD = c99;
				GCC_WARN_ABOUT_RETURN_TYPE = YES;
				GCC_WARN_UNUSED_VARIABLE = YES;
				PREBINDING = NO;
				SDKROOT = iphoneos2.2.1;
			};
			name = Release;
		};
/* End XCBuildConfiguration section */

/* Begin XCConfigurationList section */
		1D6058960D05DD3E006BFB54 /* Build configuration list for PBXNativeTarget "AppleCoder-OpenGLES-00" */ = {
			isa = XCConfigurationList;
			buildConfigurations = (
				1D6058940D05DD3E006BFB54 /* Debug */,
				1D6058950D05DD3E006BFB54 /* Release */,
			);
			defaultConfigurationIsVisible = 0;
			defaultConfigurationName = Release;
		};
		C01FCF4E08A954540054247B /* Build configuration list for PBXProject "AppleCoder-OpenGLES-00" */ = {
			isa = XCConfigurationList;
			buildConfigurations = (
				C01FCF4F08A954540054247B /* Debug */,
				C01FCF5008A954540054247B /* Release */,
			);
			defaultConfigurationIsVisible = 0;
			defaultConfigurationName = Release;
		};
/* End XCConfigurationList section */
	};
	rootObject = 29B97313FDCFA39411CA2CEA /* Project object */;
}
